// !$*UTF8*$!
{
	archiveVersion = 1;
	classes = {
	};
	objectVersion = 56;
	objects = {

/* Begin PBXBuildFile section */
		A86E29792A6258F900916FFC /* NotestarApp.swift in Sources */ = {isa = PBXBuildFile; fileRef = A86E29782A6258F900916FFC /* NotestarApp.swift */; };
		A86E297B2A6258F900916FFC /* ContentView.swift in Sources */ = {isa = PBXBuildFile; fileRef = A86E297A2A6258F900916FFC /* ContentView.swift */; };
		A86E297D2A6258FA00916FFC /* Assets.xcassets in Resources */ = {isa = PBXBuildFile; fileRef = A86E297C2A6258FA00916FFC /* Assets.xcassets */; };
		A86E29802A6258FA00916FFC /* Preview Assets.xcassets in Resources */ = {isa = PBXBuildFile; fileRef = A86E297F2A6258FA00916FFC /* Preview Assets.xcassets */; };
		A86E29852A6258FA00916FFC /* Notestar.xcdatamodeld in Sources */ = {isa = PBXBuildFile; fileRef = A86E29832A6258FA00916FFC /* Notestar.xcdatamodeld */; };
		A8792CCC2A63125500DF5D63 /* NavigationDestination.swift in Sources */ = {isa = PBXBuildFile; fileRef = A8792CCB2A63125500DF5D63 /* NavigationDestination.swift */; };
		A8792CCE2A63176800DF5D63 /* NoteView.swift in Sources */ = {isa = PBXBuildFile; fileRef = A8792CCD2A63176800DF5D63 /* NoteView.swift */; };
		A879812A2A62C5B400DE72A7 /* PersistenceController.swift in Sources */ = {isa = PBXBuildFile; fileRef = A87981292A62C5B400DE72A7 /* PersistenceController.swift */; };
		A8C98F472A682C510017E590 /* Note+Extension.swift in Sources */ = {isa = PBXBuildFile; fileRef = A8C98F462A682C510017E590 /* Note+Extension.swift */; };
/* End PBXBuildFile section */

/* Begin PBXFileReference section */
		A86E29752A6258F900916FFC /* Notestar.app */ = {isa = PBXFileReference; explicitFileType = wrapper.application; includeInIndex = 0; path = Notestar.app; sourceTree = BUILT_PRODUCTS_DIR; };
		A86E29782A6258F900916FFC /* NotestarApp.swift */ = {isa = PBXFileReference; lastKnownFileType = sourcecode.swift; path = NotestarApp.swift; sourceTree = "<group>"; };
		A86E297A2A6258F900916FFC /* ContentView.swift */ = {isa = PBXFileReference; lastKnownFileType = sourcecode.swift; path = ContentView.swift; sourceTree = "<group>"; };
		A86E297C2A6258FA00916FFC /* Assets.xcassets */ = {isa = PBXFileReference; lastKnownFileType = folder.assetcatalog; path = Assets.xcassets; sourceTree = "<group>"; };
		A86E297F2A6258FA00916FFC /* Preview Assets.xcassets */ = {isa = PBXFileReference; lastKnownFileType = folder.assetcatalog; path = "Preview Assets.xcassets"; sourceTree = "<group>"; };
		A86E29842A6258FA00916FFC /* Notestar.xcdatamodel */ = {isa = PBXFileReference; lastKnownFileType = wrapper.xcdatamodel; path = Notestar.xcdatamodel; sourceTree = "<group>"; };
		A8792CCB2A63125500DF5D63 /* NavigationDestination.swift */ = {isa = PBXFileReference; lastKnownFileType = sourcecode.swift; path = NavigationDestination.swift; sourceTree = "<group>"; };
		A8792CCD2A63176800DF5D63 /* NoteView.swift */ = {isa = PBXFileReference; lastKnownFileType = sourcecode.swift; path = NoteView.swift; sourceTree = "<group>"; };
		A87981292A62C5B400DE72A7 /* PersistenceController.swift */ = {isa = PBXFileReference; lastKnownFileType = sourcecode.swift; path = PersistenceController.swift; sourceTree = "<group>"; };
		A8C98F462A682C510017E590 /* Note+Extension.swift */ = {isa = PBXFileReference; lastKnownFileType = sourcecode.swift; path = "Note+Extension.swift"; sourceTree = "<group>"; };
/* End PBXFileReference section */

/* Begin PBXFrameworksBuildPhase section */
		A86E29722A6258F900916FFC /* Frameworks */ = {
			isa = PBXFrameworksBuildPhase;
			buildActionMask = 2147483647;
			files = (
			);
			runOnlyForDeploymentPostprocessing = 0;
		};
/* End PBXFrameworksBuildPhase section */

/* Begin PBXGroup section */
		A86E296C2A6258F900916FFC = {
			isa = PBXGroup;
			children = (
				A86E29772A6258F900916FFC /* Notestar */,
				A86E29762A6258F900916FFC /* Products */,
			);
			sourceTree = "<group>";
		};
		A86E29762A6258F900916FFC /* Products */ = {
			isa = PBXGroup;
			children = (
				A86E29752A6258F900916FFC /* Notestar.app */,
			);
			name = Products;
			sourceTree = "<group>";
		};
		A86E29772A6258F900916FFC /* Notestar */ = {
			isa = PBXGroup;
			children = (
				A86E297C2A6258FA00916FFC /* Assets.xcassets */,
				A86E297A2A6258F900916FFC /* ContentView.swift */,
				A86E29832A6258FA00916FFC /* Notestar.xcdatamodeld */,
				A86E29782A6258F900916FFC /* NotestarApp.swift */,
				A87981292A62C5B400DE72A7 /* PersistenceController.swift */,
				A86E297E2A6258FA00916FFC /* Preview Content */,
				A8792CCB2A63125500DF5D63 /* NavigationDestination.swift */,
				A8792CCD2A63176800DF5D63 /* NoteView.swift */,
				A8C98F462A682C510017E590 /* Note+Extension.swift */,
			);
			path = Notestar;
			sourceTree = "<group>";
		};
		A86E297E2A6258FA00916FFC /* Preview Content */ = {
			isa = PBXGroup;
			children = (
				A86E297F2A6258FA00916FFC /* Preview Assets.xcassets */,
			);
			path = "Preview Content";
			sourceTree = "<group>";
		};
/* End PBXGroup section */

/* Begin PBXNativeTarget section */
		A86E29742A6258F900916FFC /* Notestar */ = {
			isa = PBXNativeTarget;
			buildConfigurationList = A86E29882A6258FA00916FFC /* Build configuration list for PBXNativeTarget "Notestar" */;
			buildPhases = (
				A86E29712A6258F900916FFC /* Sources */,
				A86E29722A6258F900916FFC /* Frameworks */,
				A86E29732A6258F900916FFC /* Resources */,
			);
			buildRules = (
			);
			dependencies = (
			);
			name = Notestar;
			productName = Notestar;
			productReference = A86E29752A6258F900916FFC /* Notestar.app */;
			productType = "com.apple.product-type.application";
		};
/* End PBXNativeTarget section */

/* Begin PBXProject section */
		A86E296D2A6258F900916FFC /* Project object */ = {
			isa = PBXProject;
			attributes = {
				BuildIndependentTargetsInParallel = 1;
				LastSwiftUpdateCheck = 1430;
				LastUpgradeCheck = 1430;
				TargetAttributes = {
					A86E29742A6258F900916FFC = {
						CreatedOnToolsVersion = 14.3;
					};
				};
			};
			buildConfigurationList = A86E29702A6258F900916FFC /* Build configuration list for PBXProject "Notestar" */;
			compatibilityVersion = "Xcode 14.0";
			developmentRegion = en;
			hasScannedForEncodings = 0;
			knownRegions = (
				en,
				Base,
			);
			mainGroup = A86E296C2A6258F900916FFC;
			productRefGroup = A86E29762A6258F900916FFC /* Products */;
			projectDirPath = "";
			projectRoot = "";
			targets = (
				A86E29742A6258F900916FFC /* Notestar */,
			);
		};
/* End PBXProject section */

/* Begin PBXResourcesBuildPhase section */
		A86E29732A6258F900916FFC /* Resources */ = {
			isa = PBXResourcesBuildPhase;
			buildActionMask = 2147483647;
			files = (
				A86E29802A6258FA00916FFC /* Preview Assets.xcassets in Resources */,
				A86E297D2A6258FA00916FFC /* Assets.xcassets in Resources */,
			);
			runOnlyForDeploymentPostprocessing = 0;
		};
/* End PBXResourcesBuildPhase section */

/* Begin PBXSourcesBuildPhase section */
		A86E29712A6258F900916FFC /* Sources */ = {
			isa = PBXSourcesBuildPhase;
			buildActionMask = 2147483647;
			files = (
				A86E29852A6258FA00916FFC /* Notestar.xcdatamodeld in Sources */,
				A879812A2A62C5B400DE72A7 /* PersistenceController.swift in Sources */,
				A8792CCE2A63176800DF5D63 /* NoteView.swift in Sources */,
				A86E297B2A6258F900916FFC /* ContentView.swift in Sources */,
				A86E29792A6258F900916FFC /* NotestarApp.swift in Sources */,
				A8C98F472A682C510017E590 /* Note+Extension.swift in Sources */,
				A8792CCC2A63125500DF5D63 /* NavigationDestination.swift in Sources */,
			);
			runOnlyForDeploymentPostprocessing = 0;
		};
/* End PBXSourcesBuildPhase section */

/* Begin XCBuildConfiguration section */
		A86E29862A6258FA00916FFC /* Debug */ = {
			isa = XCBuildConfiguration;
			buildSettings = {
				ALWAYS_SEARCH_USER_PATHS = NO;
				CLANG_ANALYZER_NONNULL = YES;
				CLANG_ANALYZER_NUMBER_OBJECT_CONVERSION = YES_AGGRESSIVE;
				CLANG_CXX_LANGUAGE_STANDARD = "gnu++20";
				CLANG_ENABLE_MODULES = YES;
				CLANG_ENABLE_OBJC_ARC = YES;
				CLANG_ENABLE_OBJC_WEAK = YES;
				CLANG_WARN_BLOCK_CAPTURE_AUTORELEASING = YES;
				CLANG_WARN_BOOL_CONVERSION = YES;
				CLANG_WARN_COMMA = YES;
				CLANG_WARN_CONSTANT_CONVERSION = YES;
				CLANG_WARN_DEPRECATED_OBJC_IMPLEMENTATIONS = YES;
				CLANG_WARN_DIRECT_OBJC_ISA_USAGE = YES_ERROR;
				CLANG_WARN_DOCUMENTATION_COMMENTS = YES;
				CLANG_WARN_EMPTY_BODY = YES;
				CLANG_WARN_ENUM_CONVERSION = YES;
				CLANG_WARN_INFINITE_RECURSION = YES;
				CLANG_WARN_INT_CONVERSION = YES;
				CLANG_WARN_NON_LITERAL_NULL_CONVERSION = YES;
				CLANG_WARN_OBJC_IMPLICIT_RETAIN_SELF = YES;
				CLANG_WARN_OBJC_LITERAL_CONVERSION = YES;
				CLANG_WARN_OBJC_ROOT_CLASS = YES_ERROR;
				CLANG_WARN_QUOTED_INCLUDE_IN_FRAMEWORK_HEADER = YES;
				CLANG_WARN_RANGE_LOOP_ANALYSIS = YES;
				CLANG_WARN_STRICT_PROTOTYPES = YES;
				CLANG_WARN_SUSPICIOUS_MOVE = YES;
				CLANG_WARN_UNGUARDED_AVAILABILITY = YES_AGGRESSIVE;
				CLANG_WARN_UNREACHABLE_CODE = YES;
				CLANG_WARN__DUPLICATE_METHOD_MATCH = YES;
				COPY_PHASE_STRIP = NO;
				DEBUG_INFORMATION_FORMAT = dwarf;
				ENABLE_STRICT_OBJC_MSGSEND = YES;
				ENABLE_TESTABILITY = YES;
				GCC_C_LANGUAGE_STANDARD = gnu11;
				GCC_DYNAMIC_NO_PIC = NO;
				GCC_NO_COMMON_BLOCKS = YES;
				GCC_OPTIMIZATION_LEVEL = 0;
				GCC_PREPROCESSOR_DEFINITIONS = (
					"DEBUG=1",
					"$(inherited)",
				);
				GCC_WARN_64_TO_32_BIT_CONVERSION = YES;
				GCC_WARN_ABOUT_RETURN_TYPE = YES_ERROR;
				GCC_WARN_UNDECLARED_SELECTOR = YES;
				GCC_WARN_UNINITIALIZED_AUTOS = YES_AGGRESSIVE;
				GCC_WARN_UNUSED_FUNCTION = YES;
				GCC_WARN_UNUSED_VARIABLE = YES;
				IPHONEOS_DEPLOYMENT_TARGET = 16.4;
				MTL_ENABLE_DEBUG_INFO = INCLUDE_SOURCE;
				MTL_FAST_MATH = YES;
				ONLY_ACTIVE_ARCH = YES;
				SDKROOT = iphoneos;
				SWIFT_ACTIVE_COMPILATION_CONDITIONS = DEBUG;
				SWIFT_OPTIMIZATION_LEVEL = "-Onone";
			};
			name = Debug;
		};
		A86E29872A6258FA00916FFC /* Release */ = {
			isa = XCBuildConfiguration;
			buildSettings = {
				ALWAYS_SEARCH_USER_PATHS = NO;
				CLANG_ANALYZER_NONNULL = YES;
				CLANG_ANALYZER_NUMBER_OBJECT_CONVERSION = YES_AGGRESSIVE;
				CLANG_CXX_LANGUAGE_STANDARD = "gnu++20";
				CLANG_ENABLE_MODULES = YES;
				CLANG_ENABLE_OBJC_ARC = YES;
				CLANG_ENABLE_OBJC_WEAK = YES;
				CLANG_WARN_BLOCK_CAPTURE_AUTORELEASING = YES;
				CLANG_WARN_BOOL_CONVERSION = YES;
				CLANG_WARN_COMMA = YES;
				CLANG_WARN_CONSTANT_CONVERSION = YES;
				CLANG_WARN_DEPRECATED_OBJC_IMPLEMENTATIONS = YES;
				CLANG_WARN_DIRECT_OBJC_ISA_USAGE = YES_ERROR;
				CLANG_WARN_DOCUMENTATION_COMMENTS = YES;
				CLANG_WARN_EMPTY_BODY = YES;
				CLANG_WARN_ENUM_CONVERSION = YES;
				CLANG_WARN_INFINITE_RECURSION = YES;
				CLANG_WARN_INT_CONVERSION = YES;
				CLANG_WARN_NON_LITERAL_NULL_CONVERSION = YES;
				CLANG_WARN_OBJC_IMPLICIT_RETAIN_SELF = YES;
				CLANG_WARN_OBJC_LITERAL_CONVERSION = YES;
				CLANG_WARN_OBJC_ROOT_CLASS = YES_ERROR;
				CLANG_WARN_QUOTED_INCLUDE_IN_FRAMEWORK_HEADER = YES;
				CLANG_WARN_RANGE_LOOP_ANALYSIS = YES;
				CLANG_WARN_STRICT_PROTOTYPES = YES;
				CLANG_WARN_SUSPICIOUS_MOVE = YES;
				CLANG_WARN_UNGUARDED_AVAILABILITY = YES_AGGRESSIVE;
				CLANG_WARN_UNREACHABLE_CODE = YES;
				CLANG_WARN__DUPLICATE_METHOD_MATCH = YES;
				COPY_PHASE_STRIP = NO;
				DEBUG_INFORMATION_FORMAT = "dwarf-with-dsym";
				ENABLE_NS_ASSERTIONS = NO;
				ENABLE_STRICT_OBJC_MSGSEND = YES;
				GCC_C_LANGUAGE_STANDARD = gnu11;
				GCC_NO_COMMON_BLOCKS = YES;
				GCC_WARN_64_TO_32_BIT_CONVERSION = YES;
				GCC_WARN_ABOUT_RETURN_TYPE = YES_ERROR;
				GCC_WARN_UNDECLARED_SELECTOR = YES;
				GCC_WARN_UNINITIALIZED_AUTOS = YES_AGGRESSIVE;
				GCC_WARN_UNUSED_FUNCTION = YES;
				GCC_WARN_UNUSED_VARIABLE = YES;
				IPHONEOS_DEPLOYMENT_TARGET = 16.4;
				MTL_ENABLE_DEBUG_INFO = NO;
				MTL_FAST_MATH = YES;
				SDKROOT = iphoneos;
				SWIFT_COMPILATION_MODE = wholemodule;
				SWIFT_OPTIMIZATION_LEVEL = "-O";
				VALIDATE_PRODUCT = YES;
			};
			name = Release;
		};
		A86E29892A6258FA00916FFC /* Debug */ = {
			isa = XCBuildConfiguration;
			buildSettings = {
				ASSETCATALOG_COMPILER_APPICON_NAME = AppIcon;
				ASSETCATALOG_COMPILER_GLOBAL_ACCENT_COLOR_NAME = AccentColor;
				CODE_SIGN_STYLE = Automatic;
				CURRENT_PROJECT_VERSION = 1;
				DEVELOPMENT_ASSET_PATHS = "\"Notestar/Preview Content\"";
				ENABLE_PREVIEWS = YES;
				GENERATE_INFOPLIST_FILE = YES;
				INFOPLIST_KEY_UIApplicationSceneManifest_Generation = YES;
				INFOPLIST_KEY_UIApplicationSupportsIndirectInputEvents = YES;
				INFOPLIST_KEY_UILaunchScreen_Generation = YES;
				INFOPLIST_KEY_UISupportedInterfaceOrientations_iPad = "UIInterfaceOrientationPortrait UIInterfaceOrientationPortraitUpsideDown UIInterfaceOrientationLandscapeLeft UIInterfaceOrientationLandscapeRight";
				INFOPLIST_KEY_UISupportedInterfaceOrientations_iPhone = "UIInterfaceOrientationPortrait UIInterfaceOrientationLandscapeLeft UIInterfaceOrientationLandscapeRight";
				LD_RUNPATH_SEARCH_PATHS = (
					"$(inherited)",
					"@executable_path/Frameworks",
				);
				MARKETING_VERSION = 1.0;
				PRODUCT_BUNDLE_IDENTIFIER = dev.agiletechie.Notestar;
				PRODUCT_NAME = "$(TARGET_NAME)";
				SWIFT_EMIT_LOC_STRINGS = YES;
				SWIFT_VERSION = 5.0;
				TARGETED_DEVICE_FAMILY = "1,2";
			};
			name = Debug;
		};
		A86E298A2A6258FA00916FFC /* Release */ = {
			isa = XCBuildConfiguration;
			buildSettings = {
				ASSETCATALOG_COMPILER_APPICON_NAME = AppIcon;
				ASSETCATALOG_COMPILER_GLOBAL_ACCENT_COLOR_NAME = AccentColor;
				CODE_SIGN_STYLE = Automatic;
				CURRENT_PROJECT_VERSION = 1;
				DEVELOPMENT_ASSET_PATHS = "\"Notestar/Preview Content\"";
				ENABLE_PREVIEWS = YES;
				GENERATE_INFOPLIST_FILE = YES;
				INFOPLIST_KEY_UIApplicationSceneManifest_Generation = YES;
				INFOPLIST_KEY_UIApplicationSupportsIndirectInputEvents = YES;
				INFOPLIST_KEY_UILaunchScreen_Generation = YES;
				INFOPLIST_KEY_UISupportedInterfaceOrientations_iPad = "UIInterfaceOrientationPortrait UIInterfaceOrientationPortraitUpsideDown UIInterfaceOrientationLandscapeLeft UIInterfaceOrientationLandscapeRight";
				INFOPLIST_KEY_UISupportedInterfaceOrientations_iPhone = "UIInterfaceOrientationPortrait UIInterfaceOrientationLandscapeLeft UIInterfaceOrientationLandscapeRight";
				LD_RUNPATH_SEARCH_PATHS = (
					"$(inherited)",
					"@executable_path/Frameworks",
				);
				MARKETING_VERSION = 1.0;
				PRODUCT_BUNDLE_IDENTIFIER = dev.agiletechie.Notestar;
				PRODUCT_NAME = "$(TARGET_NAME)";
				SWIFT_EMIT_LOC_STRINGS = YES;
				SWIFT_VERSION = 5.0;
				TARGETED_DEVICE_FAMILY = "1,2";
			};
			name = Release;
		};
/* End XCBuildConfiguration section */

/* Begin XCConfigurationList section */
		A86E29702A6258F900916FFC /* Build configuration list for PBXProject "Notestar" */ = {
			isa = XCConfigurationList;
			buildConfigurations = (
				A86E29862A6258FA00916FFC /* Debug */,
				A86E29872A6258FA00916FFC /* Release */,
			);
			defaultConfigurationIsVisible = 0;
			defaultConfigurationName = Release;
		};
		A86E29882A6258FA00916FFC /* Build configuration list for PBXNativeTarget "Notestar" */ = {
			isa = XCConfigurationList;
			buildConfigurations = (
				A86E29892A6258FA00916FFC /* Debug */,
				A86E298A2A6258FA00916FFC /* Release */,
			);
			defaultConfigurationIsVisible = 0;
			defaultConfigurationName = Release;
		};
/* End XCConfigurationList section */

/* Begin XCVersionGroup section */
		A86E29832A6258FA00916FFC /* Notestar.xcdatamodeld */ = {
			isa = XCVersionGroup;
			children = (
				A86E29842A6258FA00916FFC /* Notestar.xcdatamodel */,
			);
			currentVersion = A86E29842A6258FA00916FFC /* Notestar.xcdatamodel */;
			path = Notestar.xcdatamodeld;
			sourceTree = "<group>";
			versionGroupType = wrapper.xcdatamodel;
		};
/* End XCVersionGroup section */
	};
	rootObject = A86E296D2A6258F900916FFC /* Project object */;
}
